// !$*UTF8*$!
{
	archiveVersion = 1;
	classes = {
	};
	objectVersion = 46;
	objects = {

/* Begin PBXBuildFile section */
		1520FF6D1B3D30C4000A5717 /* main.m in Sources */ = {isa = PBXBuildFile; fileRef = 1520FF6C1B3D30C4000A5717 /* main.m */; };
		1520FF701B3D30C4000A5717 /* AppDelegate.m in Sources */ = {isa = PBXBuildFile; fileRef = 1520FF6F1B3D30C4000A5717 /* AppDelegate.m */; };
		1520FF731B3D30C4000A5717 /* ViewController.m in Sources */ = {isa = PBXBuildFile; fileRef = 1520FF721B3D30C4000A5717 /* ViewController.m */; };
		1520FF761B3D30C4000A5717 /* Main.storyboard in Resources */ = {isa = PBXBuildFile; fileRef = 1520FF741B3D30C4000A5717 /* Main.storyboard */; };
		1520FF781B3D30C4000A5717 /* Images.xcassets in Resources */ = {isa = PBXBuildFile; fileRef = 1520FF771B3D30C4000A5717 /* Images.xcassets */; };
		1520FF7B1B3D30C4000A5717 /* LaunchScreen.xib in Resources */ = {isa = PBXBuildFile; fileRef = 1520FF791B3D30C4000A5717 /* LaunchScreen.xib */; };
		1520FF871B3D30C4000A5717 /* TabBarTests.m in Sources */ = {isa = PBXBuildFile; fileRef = 1520FF861B3D30C4000A5717 /* TabBarTests.m */; };
		1520FF921B3D32AE000A5717 /* RootViewController.m in Sources */ = {isa = PBXBuildFile; fileRef = 1520FF911B3D32AE000A5717 /* RootViewController.m */; };
		1520FF951B3D35A1000A5717 /* ProfileViewController.m in Sources */ = {isa = PBXBuildFile; fileRef = 1520FF941B3D35A1000A5717 /* ProfileViewController.m */; };
		1520FF981B3D35C5000A5717 /* MessageViewController.m in Sources */ = {isa = PBXBuildFile; fileRef = 1520FF971B3D35C5000A5717 /* MessageViewController.m */; };
		1520FF9B1B3D35EB000A5717 /* ColaViewController.m in Sources */ = {isa = PBXBuildFile; fileRef = 1520FF9A1B3D35EB000A5717 /* ColaViewController.m */; };
		1520FF9E1B3D35FF000A5717 /* UserViewController.m in Sources */ = {isa = PBXBuildFile; fileRef = 1520FF9D1B3D35FF000A5717 /* UserViewController.m */; };
		1520FFA11B3D3616000A5717 /* MoreViewController.m in Sources */ = {isa = PBXBuildFile; fileRef = 1520FFA01B3D3616000A5717 /* MoreViewController.m */; };
		1520FFA41B3D47C5000A5717 /* ModelViewController.m in Sources */ = {isa = PBXBuildFile; fileRef = 1520FFA31B3D47C5000A5717 /* ModelViewController.m */; };
		1520FFA71B3D49D2000A5717 /* PushViewController.m in Sources */ = {isa = PBXBuildFile; fileRef = 1520FFA61B3D49D2000A5717 /* PushViewController.m */; };
/* End PBXBuildFile section */

/* Begin PBXContainerItemProxy section */
		1520FF811B3D30C4000A5717 /* PBXContainerItemProxy */ = {
			isa = PBXContainerItemProxy;
			containerPortal = 1520FF5F1B3D30C4000A5717 /* Project object */;
			proxyType = 1;
			remoteGlobalIDString = 1520FF661B3D30C4000A5717;
			remoteInfo = TabBar;
		};
/* End PBXContainerItemProxy section */

/* Begin PBXFileReference section */
		1520FF671B3D30C4000A5717 /* TabBar.app */ = {isa = PBXFileReference; explicitFileType = wrapper.application; includeInIndex = 0; path = TabBar.app; sourceTree = BUILT_PRODUCTS_DIR; };
		1520FF6B1B3D30C4000A5717 /* Info.plist */ = {isa = PBXFileReference; lastKnownFileType = text.plist.xml; path = Info.plist; sourceTree = "<group>"; };
		1520FF6C1B3D30C4000A5717 /* main.m */ = {isa = PBXFileReference; lastKnownFileType = sourcecode.c.objc; path = main.m; sourceTree = "<group>"; };
		1520FF6E1B3D30C4000A5717 /* AppDelegate.h */ = {isa = PBXFileReference; lastKnownFileType = sourcecode.c.h; path = AppDelegate.h; sourceTree = "<group>"; };
		1520FF6F1B3D30C4000A5717 /* AppDelegate.m */ = {isa = PBXFileReference; lastKnownFileType = sourcecode.c.objc; path = AppDelegate.m; sourceTree = "<group>"; };
		1520FF711B3D30C4000A5717 /* ViewController.h */ = {isa = PBXFileReference; lastKnownFileType = sourcecode.c.h; path = ViewController.h; sourceTree = "<group>"; };
		1520FF721B3D30C4000A5717 /* ViewController.m */ = {isa = PBXFileReference; lastKnownFileType = sourcecode.c.objc; path = ViewController.m; sourceTree = "<group>"; };
		1520FF751B3D30C4000A5717 /* Base */ = {isa = PBXFileReference; lastKnownFileType = file.storyboard; name = Base; path = Base.lproj/Main.storyboard; sourceTree = "<group>"; };
		1520FF771B3D30C4000A5717 /* Images.xcassets */ = {isa = PBXFileReference; lastKnownFileType = folder.assetcatalog; path = Images.xcassets; sourceTree = "<group>"; };
		1520FF7A1B3D30C4000A5717 /* Base */ = {isa = PBXFileReference; lastKnownFileType = file.xib; name = Base; path = Base.lproj/LaunchScreen.xib; sourceTree = "<group>"; };
		1520FF801B3D30C4000A5717 /* TabBarTests.xctest */ = {isa = PBXFileReference; explicitFileType = wrapper.cfbundle; includeInIndex = 0; path = TabBarTests.xctest; sourceTree = BUILT_PRODUCTS_DIR; };
		1520FF851B3D30C4000A5717 /* Info.plist */ = {isa = PBXFileReference; lastKnownFileType = text.plist.xml; path = Info.plist; sourceTree = "<group>"; };
		1520FF861B3D30C4000A5717 /* TabBarTests.m */ = {isa = PBXFileReference; lastKnownFileType = sourcecode.c.objc; path = TabBarTests.m; sourceTree = "<group>"; };
		1520FF901B3D32AE000A5717 /* RootViewController.h */ = {isa = PBXFileReference; fileEncoding = 4; lastKnownFileType = sourcecode.c.h; path = RootViewController.h; sourceTree = "<group>"; };
		1520FF911B3D32AE000A5717 /* RootViewController.m */ = {isa = PBXFileReference; fileEncoding = 4; lastKnownFileType = sourcecode.c.objc; path = RootViewController.m; sourceTree = "<group>"; };
		1520FF931B3D35A1000A5717 /* ProfileViewController.h */ = {isa = PBXFileReference; fileEncoding = 4; lastKnownFileType = sourcecode.c.h; path = ProfileViewController.h; sourceTree = "<group>"; };
		1520FF941B3D35A1000A5717 /* ProfileViewController.m */ = {isa = PBXFileReference; fileEncoding = 4; lastKnownFileType = sourcecode.c.objc; path = ProfileViewController.m; sourceTree = "<group>"; };
		1520FF961B3D35C5000A5717 /* MessageViewController.h */ = {isa = PBXFileReference; fileEncoding = 4; lastKnownFileType = sourcecode.c.h; path = MessageViewController.h; sourceTree = "<group>"; };
		1520FF971B3D35C5000A5717 /* MessageViewController.m */ = {isa = PBXFileReference; fileEncoding = 4; lastKnownFileType = sourcecode.c.objc; path = MessageViewController.m; sourceTree = "<group>"; };
		1520FF991B3D35EB000A5717 /* ColaViewController.h */ = {isa = PBXFileReference; fileEncoding = 4; lastKnownFileType = sourcecode.c.h; path = ColaViewController.h; sourceTree = "<group>"; };
		1520FF9A1B3D35EB000A5717 /* ColaViewController.m */ = {isa = PBXFileReference; fileEncoding = 4; lastKnownFileType = sourcecode.c.objc; path = ColaViewController.m; sourceTree = "<group>"; };
		1520FF9C1B3D35FF000A5717 /* UserViewController.h */ = {isa = PBXFileReference; fileEncoding = 4; lastKnownFileType = sourcecode.c.h; path = UserViewController.h; sourceTree = "<group>"; };
		1520FF9D1B3D35FF000A5717 /* UserViewController.m */ = {isa = PBXFileReference; fileEncoding = 4; lastKnownFileType = sourcecode.c.objc; path = UserViewController.m; sourceTree = "<group>"; };
		1520FF9F1B3D3616000A5717 /* MoreViewController.h */ = {isa = PBXFileReference; fileEncoding = 4; lastKnownFileType = sourcecode.c.h; path = MoreViewController.h; sourceTree = "<group>"; };
		1520FFA01B3D3616000A5717 /* MoreViewController.m */ = {isa = PBXFileReference; fileEncoding = 4; lastKnownFileType = sourcecode.c.objc; path = MoreViewController.m; sourceTree = "<group>"; };
		1520FFA21B3D47C5000A5717 /* ModelViewController.h */ = {isa = PBXFileReference; fileEncoding = 4; lastKnownFileType = sourcecode.c.h; path = ModelViewController.h; sourceTree = "<group>"; };
		1520FFA31B3D47C5000A5717 /* ModelViewController.m */ = {isa = PBXFileReference; fileEncoding = 4; lastKnownFileType = sourcecode.c.objc; path = ModelViewController.m; sourceTree = "<group>"; };
		1520FFA51B3D49D2000A5717 /* PushViewController.h */ = {isa = PBXFileReference; fileEncoding = 4; lastKnownFileType = sourcecode.c.h; path = PushViewController.h; sourceTree = "<group>"; };
		1520FFA61B3D49D2000A5717 /* PushViewController.m */ = {isa = PBXFileReference; fileEncoding = 4; lastKnownFileType = sourcecode.c.objc; path = PushViewController.m; sourceTree = "<group>"; };
/* End PBXFileReference section */

/* Begin PBXFrameworksBuildPhase section */
		1520FF641B3D30C4000A5717 /* Frameworks */ = {
			isa = PBXFrameworksBuildPhase;
			buildActionMask = 2147483647;
			files = (
			);
			runOnlyForDeploymentPostprocessing = 0;
		};
		1520FF7D1B3D30C4000A5717 /* Frameworks */ = {
			isa = PBXFrameworksBuildPhase;
			buildActionMask = 2147483647;
			files = (
			);
			runOnlyForDeploymentPostprocessing = 0;
		};
/* End PBXFrameworksBuildPhase section */

/* Begin PBXGroup section */
		1520FF5E1B3D30C4000A5717 = {
			isa = PBXGroup;
			children = (
				1520FF691B3D30C4000A5717 /* TabBar */,
				1520FF831B3D30C4000A5717 /* TabBarTests */,
				1520FF681B3D30C4000A5717 /* Products */,
			);
			sourceTree = "<group>";
		};
		1520FF681B3D30C4000A5717 /* Products */ = {
			isa = PBXGroup;
			children = (
				1520FF671B3D30C4000A5717 /* TabBar.app */,
				1520FF801B3D30C4000A5717 /* TabBarTests.xctest */,
			);
			name = Products;
			sourceTree = "<group>";
		};
		1520FF691B3D30C4000A5717 /* TabBar */ = {
			isa = PBXGroup;
			children = (
				1520FF901B3D32AE000A5717 /* RootViewController.h */,
				1520FF911B3D32AE000A5717 /* RootViewController.m */,
				1520FF931B3D35A1000A5717 /* ProfileViewController.h */,
				1520FF941B3D35A1000A5717 /* ProfileViewController.m */,
				1520FFA51B3D49D2000A5717 /* PushViewController.h */,
				1520FFA61B3D49D2000A5717 /* PushViewController.m */,
				1520FFA21B3D47C5000A5717 /* ModelViewController.h */,
				1520FFA31B3D47C5000A5717 /* ModelViewController.m */,
				1520FF961B3D35C5000A5717 /* MessageViewController.h */,
				1520FF971B3D35C5000A5717 /* MessageViewController.m */,
				1520FF991B3D35EB000A5717 /* ColaViewController.h */,
				1520FF9A1B3D35EB000A5717 /* ColaViewController.m */,
				1520FF9C1B3D35FF000A5717 /* UserViewController.h */,
				1520FF9D1B3D35FF000A5717 /* UserViewController.m */,
				1520FF9F1B3D3616000A5717 /* MoreViewController.h */,
				1520FFA01B3D3616000A5717 /* MoreViewController.m */,
				1520FF6E1B3D30C4000A5717 /* AppDelegate.h */,
				1520FF6F1B3D30C4000A5717 /* AppDelegate.m */,
				1520FF711B3D30C4000A5717 /* ViewController.h */,
				1520FF721B3D30C4000A5717 /* ViewController.m */,
				1520FF741B3D30C4000A5717 /* Main.storyboard */,
				1520FF771B3D30C4000A5717 /* Images.xcassets */,
				1520FF791B3D30C4000A5717 /* LaunchScreen.xib */,
				1520FF6A1B3D30C4000A5717 /* Supporting Files */,
			);
			path = TabBar;
			sourceTree = "<group>";
		};
		1520FF6A1B3D30C4000A5717 /* Supporting Files */ = {
			isa = PBXGroup;
			children = (
				1520FF6B1B3D30C4000A5717 /* Info.plist */,
				1520FF6C1B3D30C4000A5717 /* main.m */,
			);
			name = "Supporting Files";
			sourceTree = "<group>";
		};
		1520FF831B3D30C4000A5717 /* TabBarTests */ = {
			isa = PBXGroup;
			children = (
				1520FF861B3D30C4000A5717 /* TabBarTests.m */,
				1520FF841B3D30C4000A5717 /* Supporting Files */,
			);
			path = TabBarTests;
			sourceTree = "<group>";
		};
		1520FF841B3D30C4000A5717 /* Supporting Files */ = {
			isa = PBXGroup;
			children = (
				1520FF851B3D30C4000A5717 /* Info.plist */,
			);
			name = "Supporting Files";
			sourceTree = "<group>";
		};
/* End PBXGroup section */

/* Begin PBXNativeTarget section */
		1520FF661B3D30C4000A5717 /* TabBar */ = {
			isa = PBXNativeTarget;
			buildConfigurationList = 1520FF8A1B3D30C4000A5717 /* Build configuration list for PBXNativeTarget "TabBar" */;
			buildPhases = (
				1520FF631B3D30C4000A5717 /* Sources */,
				1520FF641B3D30C4000A5717 /* Frameworks */,
				1520FF651B3D30C4000A5717 /* Resources */,
			);
			buildRules = (
			);
			dependencies = (
			);
			name = TabBar;
			productName = TabBar;
			productReference = 1520FF671B3D30C4000A5717 /* TabBar.app */;
			productType = "com.apple.product-type.application";
		};
		1520FF7F1B3D30C4000A5717 /* TabBarTests */ = {
			isa = PBXNativeTarget;
			buildConfigurationList = 1520FF8D1B3D30C4000A5717 /* Build configuration list for PBXNativeTarget "TabBarTests" */;
			buildPhases = (
				1520FF7C1B3D30C4000A5717 /* Sources */,
				1520FF7D1B3D30C4000A5717 /* Frameworks */,
				1520FF7E1B3D30C4000A5717 /* Resources */,
			);
			buildRules = (
			);
			dependencies = (
				1520FF821B3D30C4000A5717 /* PBXTargetDependency */,
			);
			name = TabBarTests;
			productName = TabBarTests;
			productReference = 1520FF801B3D30C4000A5717 /* TabBarTests.xctest */;
			productType = "com.apple.product-type.bundle.unit-test";
		};
/* End PBXNativeTarget section */

/* Begin PBXProject section */
		1520FF5F1B3D30C4000A5717 /* Project object */ = {
			isa = PBXProject;
			attributes = {
				LastUpgradeCheck = 0640;
				ORGANIZATIONNAME = zhengna;
				TargetAttributes = {
					1520FF661B3D30C4000A5717 = {
						CreatedOnToolsVersion = 6.4;
					};
					1520FF7F1B3D30C4000A5717 = {
						CreatedOnToolsVersion = 6.4;
						TestTargetID = 1520FF661B3D30C4000A5717;
					};
				};
			};
			buildConfigurationList = 1520FF621B3D30C4000A5717 /* Build configuration list for PBXProject "TabBar" */;
			compatibilityVersion = "Xcode 3.2";
			developmentRegion = English;
			hasScannedForEncodings = 0;
			knownRegions = (
				en,
				Base,
			);
			mainGroup = 1520FF5E1B3D30C4000A5717;
			productRefGroup = 1520FF681B3D30C4000A5717 /* Products */;
			projectDirPath = "";
			projectRoot = "";
			targets = (
				1520FF661B3D30C4000A5717 /* TabBar */,
				1520FF7F1B3D30C4000A5717 /* TabBarTests */,
			);
		};
/* End PBXProject section */

/* Begin PBXResourcesBuildPhase section */
		1520FF651B3D30C4000A5717 /* Resources */ = {
			isa = PBXResourcesBuildPhase;
			buildActionMask = 2147483647;
			files = (
				1520FF761B3D30C4000A5717 /* Main.storyboard in Resources */,
				1520FF7B1B3D30C4000A5717 /* LaunchScreen.xib in Resources */,
				1520FF781B3D30C4000A5717 /* Images.xcassets in Resources */,
			);
			runOnlyForDeploymentPostprocessing = 0;
		};
		1520FF7E1B3D30C4000A5717 /* Resources */ = {
			isa = PBXResourcesBuildPhase;
			buildActionMask = 2147483647;
			files = (
			);
			runOnlyForDeploymentPostprocessing = 0;
		};
/* End PBXResourcesBuildPhase section */

/* Begin PBXSourcesBuildPhase section */
		1520FF631B3D30C4000A5717 /* Sources */ = {
			isa = PBXSourcesBuildPhase;
			buildActionMask = 2147483647;
			files = (
				1520FF981B3D35C5000A5717 /* MessageViewController.m in Sources */,
				1520FFA71B3D49D2000A5717 /* PushViewController.m in Sources */,
				1520FF9B1B3D35EB000A5717 /* ColaViewController.m in Sources */,
				1520FF731B3D30C4000A5717 /* ViewController.m in Sources */,
				1520FF701B3D30C4000A5717 /* AppDelegate.m in Sources */,
				1520FFA11B3D3616000A5717 /* MoreViewController.m in Sources */,
				1520FF921B3D32AE000A5717 /* RootViewController.m in Sources */,
				1520FFA41B3D47C5000A5717 /* ModelViewController.m in Sources */,
				1520FF9E1B3D35FF000A5717 /* UserViewController.m in Sources */,
				1520FF6D1B3D30C4000A5717 /* main.m in Sources */,
				1520FF951B3D35A1000A5717 /* ProfileViewController.m in Sources */,
			);
			runOnlyForDeploymentPostprocessing = 0;
		};
		1520FF7C1B3D30C4000A5717 /* Sources */ = {
			isa = PBXSourcesBuildPhase;
			buildActionMask = 2147483647;
			files = (
				1520FF871B3D30C4000A5717 /* TabBarTests.m in Sources */,
			);
			runOnlyForDeploymentPostprocessing = 0;
		};
/* End PBXSourcesBuildPhase section */

/* Begin PBXTargetDependency section */
		1520FF821B3D30C4000A5717 /* PBXTargetDependency */ = {
			isa = PBXTargetDependency;
			target = 1520FF661B3D30C4000A5717 /* TabBar */;
			targetProxy = 1520FF811B3D30C4000A5717 /* PBXContainerItemProxy */;
		};
/* End PBXTargetDependency section */

/* Begin PBXVariantGroup section */
		1520FF741B3D30C4000A5717 /* Main.storyboard */ = {
			isa = PBXVariantGroup;
			children = (
				1520FF751B3D30C4000A5717 /* Base */,
			);
			name = Main.storyboard;
			sourceTree = "<group>";
		};
		1520FF791B3D30C4000A5717 /* LaunchScreen.xib */ = {
			isa = PBXVariantGroup;
			children = (
				1520FF7A1B3D30C4000A5717 /* Base */,
			);
			name = LaunchScreen.xib;
			sourceTree = "<group>";
		};
/* End PBXVariantGroup section */

/* Begin XCBuildConfiguration section */
		1520FF881B3D30C4000A5717 /* Debug */ = {
			isa = XCBuildConfiguration;
			buildSettings = {
				ALWAYS_SEARCH_USER_PATHS = NO;
				CLANG_CXX_LANGUAGE_STANDARD = "gnu++0x";
				CLANG_CXX_LIBRARY = "libc++";
				CLANG_ENABLE_MODULES = YES;
				CLANG_ENABLE_OBJC_ARC = YES;
				CLANG_WARN_BOOL_CONVERSION = YES;
				CLANG_WARN_CONSTANT_CONVERSION = YES;
				CLANG_WARN_DIRECT_OBJC_ISA_USAGE = YES_ERROR;
				CLANG_WARN_EMPTY_BODY = YES;
				CLANG_WARN_ENUM_CONVERSION = YES;
				CLANG_WARN_INT_CONVERSION = YES;
				CLANG_WARN_OBJC_ROOT_CLASS = YES_ERROR;
				CLANG_WARN_UNREACHABLE_CODE = YES;
				CLANG_WARN__DUPLICATE_METHOD_MATCH = YES;
				"CODE_SIGN_IDENTITY[sdk=iphoneos*]" = "iPhone Developer";
				COPY_PHASE_STRIP = NO;
				DEBUG_INFORMATION_FORMAT = "dwarf-with-dsym";
				ENABLE_STRICT_OBJC_MSGSEND = YES;
				GCC_C_LANGUAGE_STANDARD = gnu99;
				GCC_DYNAMIC_NO_PIC = NO;
				GCC_NO_COMMON_BLOCKS = YES;
				GCC_OPTIMIZATION_LEVEL = 0;
				GCC_PREPROCESSOR_DEFINITIONS = (
					"DEBUG=1",
					"$(inherited)",
				);
				GCC_SYMBOLS_PRIVATE_EXTERN = NO;
				GCC_WARN_64_TO_32_BIT_CONVERSION = YES;
				GCC_WARN_ABOUT_RETURN_TYPE = YES_ERROR;
				GCC_WARN_UNDECLARED_SELECTOR = YES;
				GCC_WARN_UNINITIALIZED_AUTOS = YES_AGGRESSIVE;
				GCC_WARN_UNUSED_FUNCTION = YES;
				GCC_WARN_UNUSED_VARIABLE = YES;
				IPHONEOS_DEPLOYMENT_TARGET = 8.4;
				MTL_ENABLE_DEBUG_INFO = YES;
				ONLY_ACTIVE_ARCH = YES;
				SDKROOT = iphoneos;
			};
			name = Debug;
		};
		1520FF891B3D30C4000A5717 /* Release */ = {
			isa = XCBuildConfiguration;
			buildSettings = {
				ALWAYS_SEARCH_USER_PATHS = NO;
				CLANG_CXX_LANGUAGE_STANDARD = "gnu++0x";
				CLANG_CXX_LIBRARY = "libc++";
				CLANG_ENABLE_MODULES = YES;
				CLANG_ENABLE_OBJC_ARC = YES;
				CLANG_WARN_BOOL_CONVERSION = YES;
				CLANG_WARN_CONSTANT_CONVERSION = YES;
				CLANG_WARN_DIRECT_OBJC_ISA_USAGE = YES_ERROR;
				CLANG_WARN_EMPTY_BODY = YES;
				CLANG_WARN_ENUM_CONVERSION = YES;
				CLANG_WARN_INT_CONVERSION = YES;
				CLANG_WARN_OBJC_ROOT_CLASS = YES_ERROR;
				CLANG_WARN_UNREACHABLE_CODE = YES;
				CLANG_WARN__DUPLICATE_METHOD_MATCH = YES;
				"CODE_SIGN_IDENTITY[sdk=iphoneos*]" = "iPhone Developer";
				COPY_PHASE_STRIP = NO;
				DEBUG_INFORMATION_FORMAT = "dwarf-with-dsym";
				ENABLE_NS_ASSERTIONS = NO;
				ENABLE_STRICT_OBJC_MSGSEND = YES;
				GCC_C_LANGUAGE_STANDARD = gnu99;
				GCC_NO_COMMON_BLOCKS = YES;
				GCC_WARN_64_TO_32_BIT_CONVERSION = YES;
				GCC_WARN_ABOUT_RETURN_TYPE = YES_ERROR;
				GCC_WARN_UNDECLARED_SELECTOR = YES;
				GCC_WARN_UNINITIALIZED_AUTOS = YES_AGGRESSIVE;
				GCC_WARN_UNUSED_FUNCTION = YES;
				GCC_WARN_UNUSED_VARIABLE = YES;
				IPHONEOS_DEPLOYMENT_TARGET = 8.4;
				MTL_ENABLE_DEBUG_INFO = NO;
				SDKROOT = iphoneos;
				VALIDATE_PRODUCT = YES;
			};
			name = Release;
		};
		1520FF8B1B3D30C4000A5717 /* Debug */ = {
			isa = XCBuildConfiguration;
			buildSettings = {
				ASSETCATALOG_COMPILER_APPICON_NAME = AppIcon;
				INFOPLIST_FILE = TabBar/Info.plist;
				LD_RUNPATH_SEARCH_PATHS = "$(inherited) @executable_path/Frameworks";
				PRODUCT_NAME = "$(TARGET_NAME)";
			};
			name = Debug;
		};
		1520FF8C1B3D30C4000A5717 /* Release */ = {
			isa = XCBuildConfiguration;
			buildSettings = {
				ASSETCATALOG_COMPILER_APPICON_NAME = AppIcon;
				INFOPLIST_FILE = TabBar/Info.plist;
				LD_RUNPATH_SEARCH_PATHS = "$(inherited) @executable_path/Frameworks";
				PRODUCT_NAME = "$(TARGET_NAME)";
			};
			name = Release;
		};
		1520FF8E1B3D30C4000A5717 /* Debug */ = {
			isa = XCBuildConfiguration;
			buildSettings = {
				BUNDLE_LOADER = "$(TEST_HOST)";
				FRAMEWORK_SEARCH_PATHS = (
					"$(SDKROOT)/Developer/Library/Frameworks",
					"$(inherited)",
				);
				GCC_PREPROCESSOR_DEFINITIONS = (
					"DEBUG=1",
					"$(inherited)",
				);
				INFOPLIST_FILE = TabBarTests/Info.plist;
				LD_RUNPATH_SEARCH_PATHS = "$(inherited) @executable_path/Frameworks @loader_path/Frameworks";
				PRODUCT_NAME = "$(TARGET_NAME)";
				TEST_HOST = "$(BUILT_PRODUCTS_DIR)/TabBar.app/TabBar";
			};
			name = Debug;
		};
		1520FF8F1B3D30C4000A5717 /* Release */ = {
			isa = XCBuildConfiguration;
			buildSettings = {
				BUNDLE_LOADER = "$(TEST_HOST)";
				FRAMEWORK_SEARCH_PATHS = (
					"$(SDKROOT)/Developer/Library/Frameworks",
					"$(inherited)",
				);
				INFOPLIST_FILE = TabBarTests/Info.plist;
				LD_RUNPATH_SEARCH_PATHS = "$(inherited) @executable_path/Frameworks @loader_path/Frameworks";
				PRODUCT_NAME = "$(TARGET_NAME)";
				TEST_HOST = "$(BUILT_PRODUCTS_DIR)/TabBar.app/TabBar";
			};
			name = Release;
		};
/* End XCBuildConfiguration section */

/* Begin XCConfigurationList section */
		1520FF621B3D30C4000A5717 /* Build configuration list for PBXProject "TabBar" */ = {
			isa = XCConfigurationList;
			buildConfigurations = (
				1520FF881B3D30C4000A5717 /* Debug */,
				1520FF891B3D30C4000A5717 /* Release */,
			);
			defaultConfigurationIsVisible = 0;
			defaultConfigurationName = Release;
		};
		1520FF8A1B3D30C4000A5717 /* Build configuration list for PBXNativeTarget "TabBar" */ = {
			isa = XCConfigurationList;
			buildConfigurations = (
				1520FF8B1B3D30C4000A5717 /* Debug */,
				1520FF8C1B3D30C4000A5717 /* Release */,
			);
			defaultConfigurationIsVisible = 0;
		};
		1520FF8D1B3D30C4000A5717 /* Build configuration list for PBXNativeTarget "TabBarTests" */ = {
			isa = XCConfigurationList;
			buildConfigurations = (
				1520FF8E1B3D30C4000A5717 /* Debug */,
				1520FF8F1B3D30C4000A5717 /* Release */,
			);
			defaultConfigurationIsVisible = 0;
		};
/* End XCConfigurationList section */
	};
	rootObject = 1520FF5F1B3D30C4000A5717 /* Project object */;
}
